
Microsoft Visual Studio Solution File, Format Version 12.00
# Visual Studio Version 16
VisualStudioVersion = 16.0.31605.320
MinimumVisualStudioVersion = 10.0.40219.1
Project("{FAE04EC0-301F-11D3-BF4B-00C04F79EFBC}") = "obrazkitest", "obrazkitest.csproj", "{C76DC3FA-1DDC-4247-806A-A26FDE7FFAC9}"
EndProject
Global
	GlobalSection(SolutionConfigurationPlatforms) = preSolution
		Debug|Any CPU = Debug|Any CPU
		Release|Any CPU = Release|Any CPU
	EndGlobalSection
	GlobalSection(ProjectConfigurationPlatforms) = postSolution
		{C76DC3FA-1DDC-4247-806A-A26FDE7FFAC9}.Debug|Any CPU.ActiveCfg = Debug|Any CPU
		{C76DC3FA-1DDC-4247-806A-A26FDE7FFAC9}.Debug|Any CPU.Build.0 = Debug|Any CPU
		{C76DC3FA-1DDC-4247-806A-A26FDE7FFAC9}.Release|Any CPU.ActiveCfg = Release|Any CPU
		{C76DC3FA-1DDC-4247-806A-A26FDE7FFAC9}.Release|Any CPU.Build.0 = Release|Any CPU
	EndGlobalSection
	GlobalSection(SolutionProperties) = preSolution
		HideSolutionNode = FALSE
	EndGlobalSection
	GlobalSection(ExtensibilityGlobals) = postSolution
		SolutionGuid = {B8A8C74F-BE45-4280-AF9B-46D46F975AE7}
	EndGlobalSection
EndGlobal
